
Microsoft Visual Studio Solution File, Format Version 12.00
# Visual Studio Version 17
VisualStudioVersion = 17.2.32317.152
MinimumVisualStudioVersion = 10.0.40219.1
Project("{9A19103F-16F7-4668-BE54-9A1E7A4F7556}") = "BlazorWebApp.Client", "BlazorWebApp.Client\BlazorWebApp.Client.csproj", "{D8223DB2-32EE-48A8-B9EC-7BE1F6CD155F}"
EndProject
Project("{9A19103F-16F7-4668-BE54-9A1E7A4F7556}") = "BlazorWebApp.Shared", "BlazorWebApp.Shared\BlazorWebApp.Shared.csproj", "{D1FCBCD8-8A84-4ED1-8327-7D4F39B1C5B7}"
EndProject
Global
	GlobalSection(SolutionConfigurationPlatforms) = preSolution
		Debug|Any CPU = Debug|Any CPU
		Release|Any CPU = Release|Any CPU
	EndGlobalSection
	GlobalSection(ProjectConfigurationPlatforms) = postSolution
		{D8223DB2-32EE-48A8-B9EC-7BE1F6CD155F}.Debug|Any CPU.ActiveCfg = Debug|Any CPU
		{D8223DB2-32EE-48A8-B9EC-7BE1F6CD155F}.Debug|Any CPU.Build.0 = Debug|Any CPU
		{D8223DB2-32EE-48A8-B9EC-7BE1F6CD155F}.Release|Any CPU.ActiveCfg = Release|Any CPU
		{D8223DB2-32EE-48A8-B9EC-7BE1F6CD155F}.Release|Any CPU.Build.0 = Release|Any CPU
		{D1FCBCD8-8A84-4ED1-8327-7D4F39B1C5B7}.Debug|Any CPU.ActiveCfg = Debug|Any CPU
		{D1FCBCD8-8A84-4ED1-8327-7D4F39B1C5B7}.Debug|Any CPU.Build.0 = Debug|Any CPU
		{D1FCBCD8-8A84-4ED1-8327-7D4F39B1C5B7}.Release|Any CPU.ActiveCfg = Release|Any CPU
		{D1FCBCD8-8A84-4ED1-8327-7D4F39B1C5B7}.Release|Any CPU.Build.0 = Release|Any CPU
	EndGlobalSection
	GlobalSection(SolutionProperties) = preSolution
		HideSolutionNode = FALSE
	EndGlobalSection
	GlobalSection(ExtensibilityGlobals) = postSolution
		SolutionGuid = {48D6FB2C-59B4-49AC-8829-1188E04A2539}
	EndGlobalSection
EndGlobal
